
Microsoft Visual Studio Solution File, Format Version 12.00
# Visual Studio 15
VisualStudioVersion = 15.0.28307.572
MinimumVisualStudioVersion = 10.0.40219.1
Project("{F184B08F-C81C-45F6-A57F-5ABD9991F28F}") = "Forest Escape", "Forest Escape\Forest Escape.vbproj", "{E6C7FB6F-08D2-457B-B42F-2BCF0B9863B9}"
EndProject
Global
	GlobalSection(SolutionConfigurationPlatforms) = preSolution
		Debug|Any CPU = Debug|Any CPU
		Release|Any CPU = Release|Any CPU
	EndGlobalSection
	GlobalSection(ProjectConfigurationPlatforms) = postSolution
		{E6C7FB6F-08D2-457B-B42F-2BCF0B9863B9}.Debug|Any CPU.ActiveCfg = Debug|Any CPU
		{E6C7FB6F-08D2-457B-B42F-2BCF0B9863B9}.Debug|Any CPU.Build.0 = Debug|Any CPU
		{E6C7FB6F-08D2-457B-B42F-2BCF0B9863B9}.Release|Any CPU.ActiveCfg = Release|Any CPU
		{E6C7FB6F-08D2-457B-B42F-2BCF0B9863B9}.Release|Any CPU.Build.0 = Release|Any CPU
	EndGlobalSection
	GlobalSection(SolutionProperties) = preSolution
		HideSolutionNode = FALSE
	EndGlobalSection
	GlobalSection(ExtensibilityGlobals) = postSolution
		SolutionGuid = {070EDE5C-408A-48D1-AD59-96FF47DB8869}
	EndGlobalSection
EndGlobal
